// !$*UTF8*$!
{
	archiveVersion = 1;
	classes = {
	};
	objectVersion = 48;
	objects = {

/* Begin PBXBuildFile section */
		664E492D2077D3F40054997E /* File card.swift in Sources */ = {isa = PBXBuildFile; fileRef = 664E492C2077D3F40054997E /* File card.swift */; };
		664E492F2077D49C0054997E /* game.swift in Sources */ = {isa = PBXBuildFile; fileRef = 664E492E2077D49C0054997E /* game.swift */; };
		664E49322077E9D20054997E /* CardsView.swift in Sources */ = {isa = PBXBuildFile; fileRef = 664E49312077E9D20054997E /* CardsView.swift */; };
		664E49342077EF170054997E /* ViewController.swift in Sources */ = {isa = PBXBuildFile; fileRef = 664E49332077EF170054997E /* ViewController.swift */; };
		DC03BE7E206C0D830059BF8D /* AppDelegate.swift in Sources */ = {isa = PBXBuildFile; fileRef = DC03BE7D206C0D830059BF8D /* AppDelegate.swift */; };
		DC03BE83206C0D830059BF8D /* Main.storyboard in Resources */ = {isa = PBXBuildFile; fileRef = DC03BE81206C0D830059BF8D /* Main.storyboard */; };
		DC03BE85206C0D830059BF8D /* Assets.xcassets in Resources */ = {isa = PBXBuildFile; fileRef = DC03BE84206C0D830059BF8D /* Assets.xcassets */; };
		DC03BE88206C0D830059BF8D /* LaunchScreen.storyboard in Resources */ = {isa = PBXBuildFile; fileRef = DC03BE86206C0D830059BF8D /* LaunchScreen.storyboard */; };
/* End PBXBuildFile section */

/* Begin PBXFileReference section */
		664E492C2077D3F40054997E /* File card.swift */ = {isa = PBXFileReference; lastKnownFileType = sourcecode.swift; path = "File card.swift"; sourceTree = "<group>"; };
		664E492E2077D49C0054997E /* game.swift */ = {isa = PBXFileReference; lastKnownFileType = sourcecode.swift; path = game.swift; sourceTree = "<group>"; };
		664E49312077E9D20054997E /* CardsView.swift */ = {isa = PBXFileReference; lastKnownFileType = sourcecode.swift; path = CardsView.swift; sourceTree = "<group>"; };
		664E49332077EF170054997E /* ViewController.swift */ = {isa = PBXFileReference; fileEncoding = 4; lastKnownFileType = sourcecode.swift; path = ViewController.swift; sourceTree = "<group>"; };
		DC03BE7A206C0D830059BF8D /* memo.app */ = {isa = PBXFileReference; explicitFileType = wrapper.application; includeInIndex = 0; path = memo.app; sourceTree = BUILT_PRODUCTS_DIR; };
		DC03BE7D206C0D830059BF8D /* AppDelegate.swift */ = {isa = PBXFileReference; lastKnownFileType = sourcecode.swift; path = AppDelegate.swift; sourceTree = "<group>"; };
		DC03BE82206C0D830059BF8D /* Base */ = {isa = PBXFileReference; lastKnownFileType = file.storyboard; name = Base; path = Base.lproj/Main.storyboard; sourceTree = "<group>"; };
		DC03BE84206C0D830059BF8D /* Assets.xcassets */ = {isa = PBXFileReference; lastKnownFileType = folder.assetcatalog; path = Assets.xcassets; sourceTree = "<group>"; };
		DC03BE87206C0D830059BF8D /* Base */ = {isa = PBXFileReference; lastKnownFileType = file.storyboard; name = Base; path = Base.lproj/LaunchScreen.storyboard; sourceTree = "<group>"; };
		DC03BE89206C0D830059BF8D /* Info.plist */ = {isa = PBXFileReference; lastKnownFileType = text.plist.xml; path = Info.plist; sourceTree = "<group>"; };
/* End PBXFileReference section */

/* Begin PBXFrameworksBuildPhase section */
		DC03BE77206C0D830059BF8D /* Frameworks */ = {
			isa = PBXFrameworksBuildPhase;
			buildActionMask = 2147483647;
			files = (
			);
			runOnlyForDeploymentPostprocessing = 0;
		};
/* End PBXFrameworksBuildPhase section */

/* Begin PBXGroup section */
		664E49302077DE160054997E /* Model */ = {
			isa = PBXGroup;
			children = (
				664E492C2077D3F40054997E /* File card.swift */,
				664E492E2077D49C0054997E /* game.swift */,
			);
			path = Model;
			sourceTree = "<group>";
		};
		DC03BE71206C0D830059BF8D = {
			isa = PBXGroup;
			children = (
				DC03BE7C206C0D830059BF8D /* memo */,
				DC03BE7B206C0D830059BF8D /* Products */,
			);
			sourceTree = "<group>";
		};
		DC03BE7B206C0D830059BF8D /* Products */ = {
			isa = PBXGroup;
			children = (
				DC03BE7A206C0D830059BF8D /* memo.app */,
			);
			name = Products;
			sourceTree = "<group>";
		};
		DC03BE7C206C0D830059BF8D /* memo */ = {
			isa = PBXGroup;
			children = (
				664E49332077EF170054997E /* ViewController.swift */,
				DC03BE7D206C0D830059BF8D /* AppDelegate.swift */,
				DC03BE81206C0D830059BF8D /* Main.storyboard */,
				DC03BE84206C0D830059BF8D /* Assets.xcassets */,
				DC03BE86206C0D830059BF8D /* LaunchScreen.storyboard */,
				DC03BE89206C0D830059BF8D /* Info.plist */,
				664E49302077DE160054997E /* Model */,
				664E49312077E9D20054997E /* CardsView.swift */,
			);
			path = memo;
			sourceTree = "<group>";
		};
/* End PBXGroup section */

/* Begin PBXNativeTarget section */
		DC03BE79206C0D830059BF8D /* memo */ = {
			isa = PBXNativeTarget;
			buildConfigurationList = DC03BE8C206C0D830059BF8D /* Build configuration list for PBXNativeTarget "memo" */;
			buildPhases = (
				DC03BE76206C0D830059BF8D /* Sources */,
				DC03BE77206C0D830059BF8D /* Frameworks */,
				DC03BE78206C0D830059BF8D /* Resources */,
			);
			buildRules = (
			);
			dependencies = (
			);
			name = memo;
			productName = memo;
			productReference = DC03BE7A206C0D830059BF8D /* memo.app */;
			productType = "com.apple.product-type.application";
		};
/* End PBXNativeTarget section */

/* Begin PBXProject section */
		DC03BE72206C0D830059BF8D /* Project object */ = {
			isa = PBXProject;
			attributes = {
				LastSwiftUpdateCheck = 0920;
				LastUpgradeCheck = 0920;
				ORGANIZATIONNAME = oroom;
				TargetAttributes = {
					DC03BE79206C0D830059BF8D = {
						CreatedOnToolsVersion = 9.2;
						ProvisioningStyle = Automatic;
					};
				};
			};
			buildConfigurationList = DC03BE75206C0D830059BF8D /* Build configuration list for PBXProject "memo" */;
			compatibilityVersion = "Xcode 8.0";
			developmentRegion = en;
			hasScannedForEncodings = 0;
			knownRegions = (
				en,
				Base,
			);
			mainGroup = DC03BE71206C0D830059BF8D;
			productRefGroup = DC03BE7B206C0D830059BF8D /* Products */;
			projectDirPath = "";
			projectRoot = "";
			targets = (
				DC03BE79206C0D830059BF8D /* memo */,
			);
		};
/* End PBXProject section */

/* Begin PBXResourcesBuildPhase section */
		DC03BE78206C0D830059BF8D /* Resources */ = {
			isa = PBXResourcesBuildPhase;
			buildActionMask = 2147483647;
			files = (
				DC03BE88206C0D830059BF8D /* LaunchScreen.storyboard in Resources */,
				DC03BE85206C0D830059BF8D /* Assets.xcassets in Resources */,
				DC03BE83206C0D830059BF8D /* Main.storyboard in Resources */,
			);
			runOnlyForDeploymentPostprocessing = 0;
		};
/* End PBXResourcesBuildPhase section */

/* Begin PBXSourcesBuildPhase section */
		DC03BE76206C0D830059BF8D /* Sources */ = {
			isa = PBXSourcesBuildPhase;
			buildActionMask = 2147483647;
			files = (
				664E49342077EF170054997E /* ViewController.swift in Sources */,
				664E492D2077D3F40054997E /* File card.swift in Sources */,
				664E49322077E9D20054997E /* CardsView.swift in Sources */,
				DC03BE7E206C0D830059BF8D /* AppDelegate.swift in Sources */,
				664E492F2077D49C0054997E /* game.swift in Sources */,
			);
			runOnlyForDeploymentPostprocessing = 0;
		};
/* End PBXSourcesBuildPhase section */

/* Begin PBXVariantGroup section */
		DC03BE81206C0D830059BF8D /* Main.storyboard */ = {
			isa = PBXVariantGroup;
			children = (
				DC03BE82206C0D830059BF8D /* Base */,
			);
			name = Main.storyboard;
			sourceTree = "<group>";
		};
		DC03BE86206C0D830059BF8D /* LaunchScreen.storyboard */ = {
			isa = PBXVariantGroup;
			children = (
				DC03BE87206C0D830059BF8D /* Base */,
			);
			name = LaunchScreen.storyboard;
			sourceTree = "<group>";
		};
/* End PBXVariantGroup section */

/* Begin XCBuildConfiguration section */
		DC03BE8A206C0D830059BF8D /* Debug */ = {
			isa = XCBuildConfiguration;
			buildSettings = {
				ALWAYS_SEARCH_USER_PATHS = NO;
				CLANG_ANALYZER_NONNULL = YES;
				CLANG_ANALYZER_NUMBER_OBJECT_CONVERSION = YES_AGGRESSIVE;
				CLANG_CXX_LANGUAGE_STANDARD = "gnu++14";
				CLANG_CXX_LIBRARY = "libc++";
				CLANG_ENABLE_MODULES = YES;
				CLANG_ENABLE_OBJC_ARC = YES;
				CLANG_WARN_BLOCK_CAPTURE_AUTORELEASING = YES;
				CLANG_WARN_BOOL_CONVERSION = YES;
				CLANG_WARN_COMMA = YES;
				CLANG_WARN_CONSTANT_CONVERSION = YES;
				CLANG_WARN_DIRECT_OBJC_ISA_USAGE = YES_ERROR;
				CLANG_WARN_DOCUMENTATION_COMMENTS = YES;
				CLANG_WARN_EMPTY_BODY = YES;
				CLANG_WARN_ENUM_CONVERSION = YES;
				CLANG_WARN_INFINITE_RECURSION = YES;
				CLANG_WARN_INT_CONVERSION = YES;
				CLANG_WARN_NON_LITERAL_NULL_CONVERSION = YES;
				CLANG_WARN_OBJC_LITERAL_CONVERSION = YES;
				CLANG_WARN_OBJC_ROOT_CLASS = YES_ERROR;
				CLANG_WARN_RANGE_LOOP_ANALYSIS = YES;
				CLANG_WARN_STRICT_PROTOTYPES = YES;
				CLANG_WARN_SUSPICIOUS_MOVE = YES;
				CLANG_WARN_UNGUARDED_AVAILABILITY = YES_AGGRESSIVE;
				CLANG_WARN_UNREACHABLE_CODE = YES;
				CLANG_WARN__DUPLICATE_METHOD_MATCH = YES;
				CODE_SIGN_IDENTITY = "iPhone Developer";
				COPY_PHASE_STRIP = NO;
				DEBUG_INFORMATION_FORMAT = dwarf;
				ENABLE_STRICT_OBJC_MSGSEND = YES;
				ENABLE_TESTABILITY = YES;
				GCC_C_LANGUAGE_STANDARD = gnu11;
				GCC_DYNAMIC_NO_PIC = NO;
				GCC_NO_COMMON_BLOCKS = YES;
				GCC_OPTIMIZATION_LEVEL = 0;
				GCC_PREPROCESSOR_DEFINITIONS = (
					"DEBUG=1",
					"$(inherited)",
				);
				GCC_WARN_64_TO_32_BIT_CONVERSION = YES;
				GCC_WARN_ABOUT_RETURN_TYPE = YES_ERROR;
				GCC_WARN_UNDECLARED_SELECTOR = YES;
				GCC_WARN_UNINITIALIZED_AUTOS = YES_AGGRESSIVE;
				GCC_WARN_UNUSED_FUNCTION = YES;
				GCC_WARN_UNUSED_VARIABLE = YES;
				IPHONEOS_DEPLOYMENT_TARGET = 11.2;
				MTL_ENABLE_DEBUG_INFO = YES;
				ONLY_ACTIVE_ARCH = YES;
				SDKROOT = iphoneos;
				SWIFT_ACTIVE_COMPILATION_CONDITIONS = DEBUG;
				SWIFT_OPTIMIZATION_LEVEL = "-Onone";
			};
			name = Debug;
		};
		DC03BE8B206C0D830059BF8D /* Release */ = {
			isa = XCBuildConfiguration;
			buildSettings = {
				ALWAYS_SEARCH_USER_PATHS = NO;
				CLANG_ANALYZER_NONNULL = YES;
				CLANG_ANALYZER_NUMBER_OBJECT_CONVERSION = YES_AGGRESSIVE;
				CLANG_CXX_LANGUAGE_STANDARD = "gnu++14";
				CLANG_CXX_LIBRARY = "libc++";
				CLANG_ENABLE_MODULES = YES;
				CLANG_ENABLE_OBJC_ARC = YES;
				CLANG_WARN_BLOCK_CAPTURE_AUTORELEASING = YES;
				CLANG_WARN_BOOL_CONVERSION = YES;
				CLANG_WARN_COMMA = YES;
				CLANG_WARN_CONSTANT_CONVERSION = YES;
				CLANG_WARN_DIRECT_OBJC_ISA_USAGE = YES_ERROR;
				CLANG_WARN_DOCUMENTATION_COMMENTS = YES;
				CLANG_WARN_EMPTY_BODY = YES;
				CLANG_WARN_ENUM_CONVERSION = YES;
				CLANG_WARN_INFINITE_RECURSION = YES;
				CLANG_WARN_INT_CONVERSION = YES;
				CLANG_WARN_NON_LITERAL_NULL_CONVERSION = YES;
				CLANG_WARN_OBJC_LITERAL_CONVERSION = YES;
				CLANG_WARN_OBJC_ROOT_CLASS = YES_ERROR;
				CLANG_WARN_RANGE_LOOP_ANALYSIS = YES;
				CLANG_WARN_STRICT_PROTOTYPES = YES;
				CLANG_WARN_SUSPICIOUS_MOVE = YES;
				CLANG_WARN_UNGUARDED_AVAILABILITY = YES_AGGRESSIVE;
				CLANG_WARN_UNREACHABLE_CODE = YES;
				CLANG_WARN__DUPLICATE_METHOD_MATCH = YES;
				CODE_SIGN_IDENTITY = "iPhone Developer";
				COPY_PHASE_STRIP = NO;
				DEBUG_INFORMATION_FORMAT = "dwarf-with-dsym";
				ENABLE_NS_ASSERTIONS = NO;
				ENABLE_STRICT_OBJC_MSGSEND = YES;
				GCC_C_LANGUAGE_STANDARD = gnu11;
				GCC_NO_COMMON_BLOCKS = YES;
				GCC_WARN_64_TO_32_BIT_CONVERSION = YES;
				GCC_WARN_ABOUT_RETURN_TYPE = YES_ERROR;
				GCC_WARN_UNDECLARED_SELECTOR = YES;
				GCC_WARN_UNINITIALIZED_AUTOS = YES_AGGRESSIVE;
				GCC_WARN_UNUSED_FUNCTION = YES;
				GCC_WARN_UNUSED_VARIABLE = YES;
				IPHONEOS_DEPLOYMENT_TARGET = 11.2;
				MTL_ENABLE_DEBUG_INFO = NO;
				SDKROOT = iphoneos;
				SWIFT_OPTIMIZATION_LEVEL = "-Owholemodule";
				VALIDATE_PRODUCT = YES;
			};
			name = Release;
		};
		DC03BE8D206C0D830059BF8D /* Debug */ = {
			isa = XCBuildConfiguration;
			buildSettings = {
				ASSETCATALOG_COMPILER_APPICON_NAME = AppIcon;
				CODE_SIGN_STYLE = Automatic;
				INFOPLIST_FILE = memo/Info.plist;
				LD_RUNPATH_SEARCH_PATHS = "$(inherited) @executable_path/Frameworks";
				PRODUCT_BUNDLE_IDENTIFIER = io.github.oroom.memo;
				PRODUCT_NAME = "$(TARGET_NAME)";
				SWIFT_VERSION = 4.0;
				TARGETED_DEVICE_FAMILY = "1,2";
			};
			name = Debug;
		};
		DC03BE8E206C0D830059BF8D /* Release */ = {
			isa = XCBuildConfiguration;
			buildSettings = {
				ASSETCATALOG_COMPILER_APPICON_NAME = AppIcon;
				CODE_SIGN_STYLE = Automatic;
				INFOPLIST_FILE = memo/Info.plist;
				LD_RUNPATH_SEARCH_PATHS = "$(inherited) @executable_path/Frameworks";
				PRODUCT_BUNDLE_IDENTIFIER = io.github.oroom.memo;
				PRODUCT_NAME = "$(TARGET_NAME)";
				SWIFT_VERSION = 4.0;
				TARGETED_DEVICE_FAMILY = "1,2";
			};
			name = Release;
		};
/* End XCBuildConfiguration section */

/* Begin XCConfigurationList section */
		DC03BE75206C0D830059BF8D /* Build configuration list for PBXProject "memo" */ = {
			isa = XCConfigurationList;
			buildConfigurations = (
				DC03BE8A206C0D830059BF8D /* Debug */,
				DC03BE8B206C0D830059BF8D /* Release */,
			);
			defaultConfigurationIsVisible = 0;
			defaultConfigurationName = Release;
		};
		DC03BE8C206C0D830059BF8D /* Build configuration list for PBXNativeTarget "memo" */ = {
			isa = XCConfigurationList;
			buildConfigurations = (
				DC03BE8D206C0D830059BF8D /* Debug */,
				DC03BE8E206C0D830059BF8D /* Release */,
			);
			defaultConfigurationIsVisible = 0;
			defaultConfigurationName = Release;
		};
/* End XCConfigurationList section */
	};
	rootObject = DC03BE72206C0D830059BF8D /* Project object */;
}
